
Microsoft Visual Studio Solution File, Format Version 12.00
# Visual Studio Version 17
VisualStudioVersion = 17.5.33627.172
MinimumVisualStudioVersion = 10.0.40219.1
Project("{9A19103F-16F7-4668-BE54-9A1E7A4F7556}") = "Streaming service", "Streaming service.csproj", "{471750C7-8FDF-4E4F-BA38-6990F16AF9DA}"
EndProject
Global
	GlobalSection(SolutionConfigurationPlatforms) = preSolution
		Debug|Any CPU = Debug|Any CPU
		Release|Any CPU = Release|Any CPU
	EndGlobalSection
	GlobalSection(ProjectConfigurationPlatforms) = postSolution
		{471750C7-8FDF-4E4F-BA38-6990F16AF9DA}.Debug|Any CPU.ActiveCfg = Debug|Any CPU
		{471750C7-8FDF-4E4F-BA38-6990F16AF9DA}.Debug|Any CPU.Build.0 = Debug|Any CPU
		{471750C7-8FDF-4E4F-BA38-6990F16AF9DA}.Release|Any CPU.ActiveCfg = Release|Any CPU
		{471750C7-8FDF-4E4F-BA38-6990F16AF9DA}.Release|Any CPU.Build.0 = Release|Any CPU
	EndGlobalSection
	GlobalSection(SolutionProperties) = preSolution
		HideSolutionNode = FALSE
	EndGlobalSection
	GlobalSection(ExtensibilityGlobals) = postSolution
		SolutionGuid = {D59D406A-C360-4C28-96CD-8EB6392DB694}
	EndGlobalSection
EndGlobal
